
Microsoft Visual Studio Solution File, Format Version 12.00
Project("{FAE04EC0-301F-11D3-BF4B-00C04F79EFBC}") = "MusicPlayer", "MusicPlayer\MusicPlayer.csproj", "{AC9F3CDD-B705-44F8-ADD0-74FEC1C16111}"
EndProject
Global
	GlobalSection(SolutionConfigurationPlatforms) = preSolution
		Debug|Any CPU = Debug|Any CPU
		Release|Any CPU = Release|Any CPU
	EndGlobalSection
	GlobalSection(ProjectConfigurationPlatforms) = postSolution
		{AC9F3CDD-B705-44F8-ADD0-74FEC1C16111}.Debug|Any CPU.ActiveCfg = Debug|Any CPU
		{AC9F3CDD-B705-44F8-ADD0-74FEC1C16111}.Debug|Any CPU.Build.0 = Debug|Any CPU
		{AC9F3CDD-B705-44F8-ADD0-74FEC1C16111}.Release|Any CPU.ActiveCfg = Release|Any CPU
		{AC9F3CDD-B705-44F8-ADD0-74FEC1C16111}.Release|Any CPU.Build.0 = Release|Any CPU
	EndGlobalSection
EndGlobal
